version = 1
revision = 3
requires-python = ">=3.12"

[[package]]
name = "asgiref"
version = "3.10.0"
source = { registry = "https://pypi.org/simple" }
sdist = { url = "https://files.pythonhosted.org/packages/46/08/4dfec9b90758a59acc6be32ac82e98d1fbfc321cb5cfa410436dbacf821c/asgiref-3.10.0.tar.gz", hash = "sha256:d89f2d8cd8b56dada7d52fa7dc8075baa08fb836560710d38c292a7a3f78c04e", size = 37483, upload-time = "2025-10-05T09:15:06.557Z" }
wheels = [
    { url = "https://files.pythonhosted.org/packages/17/9c/fc2331f538fbf7eedba64b2052e99ccf9ba9d6888e2f41441ee28847004b/asgiref-3.10.0-py3-none-any.whl", hash = "sha256:aef8a81283a34d0ab31630c9b7dfe70c812c95eba78171367ca8745e88124734", size = 24050, upload-time = "2025-10-05T09:15:05.11Z" },
]

[[package]]
name = "certifi"
version = "2025.10.5"
source = { registry = "https://pypi.org/simple" }
sdist = { url = "https://files.pythonhosted.org/packages/4c/5b/b6ce21586237c77ce67d01dc5507039d444b630dd76611bbca2d8e5dcd91/certifi-2025.10.5.tar.gz", hash = "sha256:47c09d31ccf2acf0be3f701ea53595ee7e0b8fa08801c6624be771df09ae7b43", size = 164519, upload-time = "2025-10-05T04:12:15.808Z" }
wheels = [
    { url = "https://files.pythonhosted.org/packages/e4/37/af0d2ef3967ac0d6113837b44a4f0bfe1328c2b9763bd5b1744520e5cfed/certifi-2025.10.5-py3-none-any.whl", hash = "sha256:0f212c2744a9bb6de0c56639a6f68afe01ecd92d91f14ae897c4fe7bbeeef0de", size = 163286, upload-time = "2025-10-05T04:12:14.03Z" },
]

[[package]]
name = "django"
version = "5.1"
source = { registry = "https://pypi.org/simple" }
dependencies = [
    { name = "asgiref" },
    { name = "sqlparse" },
    { name = "tzdata", marker = "sys_platform == 'win32'" },
]
sdist = { url = "https://files.pythonhosted.org/packages/1e/0c/d854d25bb74a8a3b41e642bbd27fe6af12fadd0edfd07d487809cf0ef719/Django-5.1.tar.gz", hash = "sha256:848a5980e8efb76eea70872fb0e4bc5e371619c70fffbe48e3e1b50b2c09455d", size = 10681050, upload-time = "2024-08-07T13:34:10.857Z" }
wheels = [
    { url = "https://files.pythonhosted.org/packages/28/b4/110532cebfea2244d76119904da98c6fa045ebb202aee9ec7cbf36ea3cad/Django-5.1-py3-none-any.whl", hash = "sha256:d3b811bf5371a26def053d7ee42a9df1267ef7622323fe70a601936725aa4557", size = 8246099, upload-time = "2024-08-07T13:33:52.959Z" },
]

[[package]]
name = "dummy-app"
version = "0.1.0"
source = { virtual = "." }
dependencies = [
    { name = "django" },
    { name = "requests" },
]

[package.metadata]
requires-dist = [
    { name = "django", specifier = ">=5.1.0,<=5.2" },
    { name = "requests", specifier = "==2.4.0" },
]

[[package]]
name = "requests"
version = "2.4.0"
source = { registry = "https://pypi.org/simple" }
dependencies = [
    { name = "certifi" },
]
sdist = { url = "https://files.pythonhosted.org/packages/ef/a0/9863b20b6a87e45cd4353c10277d9674f9ddfd7c28c58e61a339e273a119/requests-2.4.0.tar.gz", hash = "sha256:7007e03cbc73e357b5055c6ea0ad6e447e2afa00f1a1f843cd792a1ebaa3763e", size = 436334, upload-time = "2014-08-29T14:32:45.073Z" }
wheels = [
    { url = "https://files.pythonhosted.org/packages/78/14/23cf8ede304c7c8b69b929b17074292073827239c31659ab8c7beb22a059/requests-2.4.0-py2.py3-none-any.whl", hash = "sha256:8b2cc9e334b3e66aa5df15f2e4967f2c95b5164a4e6df7e92dd70ca67400912a", size = 457810, upload-time = "2014-08-29T14:32:48.896Z" },
]

[[package]]
name = "sqlparse"
version = "0.5.3"
source = { registry = "https://pypi.org/simple" }
sdist = { url = "https://files.pythonhosted.org/packages/e5/40/edede8dd6977b0d3da179a342c198ed100dd2aba4be081861ee5911e4da4/sqlparse-0.5.3.tar.gz", hash = "sha256:09f67787f56a0b16ecdbde1bfc7f5d9c3371ca683cfeaa8e6ff60b4807ec9272", size = 84999, upload-time = "2024-12-10T12:05:30.728Z" }
wheels = [
    { url = "https://files.pythonhosted.org/packages/a9/5c/bfd6bd0bf979426d405cc6e71eceb8701b148b16c21d2dc3c261efc61c7b/sqlparse-0.5.3-py3-none-any.whl", hash = "sha256:cf2196ed3418f3ba5de6af7e82c694a9fbdbfecccdfc72e281548517081f16ca", size = 44415, upload-time = "2024-12-10T12:05:27.824Z" },
]

[[package]]
name = "tzdata"
version = "2025.2"
source = { registry = "https://pypi.org/simple" }
sdist = { url = "https://files.pythonhosted.org/packages/95/32/1a225d6164441be760d75c2c42e2780dc0873fe382da3e98a2e1e48361e5/tzdata-2025.2.tar.gz", hash = "sha256:b60a638fcc0daffadf82fe0f57e53d06bdec2f36c4df66280ae79bce6bd6f2b9", size = 196380, upload-time = "2025-03-23T13:54:43.652Z" }
wheels = [
    { url = "https://files.pythonhosted.org/packages/5c/23/c7abc0ca0a1526a0774eca151daeb8de62ec457e77262b66b359c3c7679e/tzdata-2025.2-py2.py3-none-any.whl", hash = "sha256:1a403fada01ff9221ca8044d701868fa132215d84beb92242d9acd2147f667a8", size = 347839, upload-time = "2025-03-23T13:54:41.845Z" },
]
